
Microsoft Visual Studio Solution File, Format Version 9.00
# Visual Studio 2005
Project("{FAE04EC0-301F-11D3-BF4B-00C04F79EFBC}") = "MonoTorrent.Dht", "MonoTorrent.Dht\MonoTorrent.Dht.csproj", "{7A2A7E73-FD43-4171-AA34-DA413D35459E}"
EndProject
Project("{FAE04EC0-301F-11D3-BF4B-00C04F79EFBC}") = "SampleClient", "SampleClient\SampleClient.csproj", "{19777ED5-79FD-4D05-B839-B178A875BF42}"
EndProject
Project("{FAE04EC0-301F-11D3-BF4B-00C04F79EFBC}") = "MonoTorrent.Dht.Tests", "MonoTorrent.Dht.Tests\MonoTorrent.Dht.Tests.csproj", "{D82D61E2-9D86-45C0-AB13-C701FB64F1DD}"
EndProject
Project("{FAE04EC0-301F-11D3-BF4B-00C04F79EFBC}") = "MonoTorrent", "..\MonoTorrent\MonoTorrent.csproj", "{411A9E0E-FDC6-4E25-828A-0C2CD1CD96F8}"
EndProject
Global
	GlobalSection(SolutionConfigurationPlatforms) = preSolution
		Debug|Any CPU = Debug|Any CPU
		Release|Any CPU = Release|Any CPU
		Stats|Any CPU = Stats|Any CPU
	EndGlobalSection
	GlobalSection(ProjectConfigurationPlatforms) = postSolution
		{7A2A7E73-FD43-4171-AA34-DA413D35459E}.Debug|Any CPU.ActiveCfg = Debug|Any CPU
		{7A2A7E73-FD43-4171-AA34-DA413D35459E}.Debug|Any CPU.Build.0 = Debug|Any CPU
		{7A2A7E73-FD43-4171-AA34-DA413D35459E}.Release|Any CPU.ActiveCfg = Release|Any CPU
		{7A2A7E73-FD43-4171-AA34-DA413D35459E}.Release|Any CPU.Build.0 = Release|Any CPU
		{7A2A7E73-FD43-4171-AA34-DA413D35459E}.Stats|Any CPU.ActiveCfg = Release|Any CPU
		{7A2A7E73-FD43-4171-AA34-DA413D35459E}.Stats|Any CPU.Build.0 = Release|Any CPU
		{19777ED5-79FD-4D05-B839-B178A875BF42}.Debug|Any CPU.ActiveCfg = Debug|Any CPU
		{19777ED5-79FD-4D05-B839-B178A875BF42}.Debug|Any CPU.Build.0 = Debug|Any CPU
		{19777ED5-79FD-4D05-B839-B178A875BF42}.Release|Any CPU.ActiveCfg = Release|Any CPU
		{19777ED5-79FD-4D05-B839-B178A875BF42}.Release|Any CPU.Build.0 = Release|Any CPU
		{19777ED5-79FD-4D05-B839-B178A875BF42}.Stats|Any CPU.ActiveCfg = Release|Any CPU
		{19777ED5-79FD-4D05-B839-B178A875BF42}.Stats|Any CPU.Build.0 = Release|Any CPU
		{D82D61E2-9D86-45C0-AB13-C701FB64F1DD}.Debug|Any CPU.ActiveCfg = Debug|Any CPU
		{D82D61E2-9D86-45C0-AB13-C701FB64F1DD}.Debug|Any CPU.Build.0 = Debug|Any CPU
		{D82D61E2-9D86-45C0-AB13-C701FB64F1DD}.Release|Any CPU.ActiveCfg = Release|Any CPU
		{D82D61E2-9D86-45C0-AB13-C701FB64F1DD}.Release|Any CPU.Build.0 = Release|Any CPU
		{D82D61E2-9D86-45C0-AB13-C701FB64F1DD}.Stats|Any CPU.ActiveCfg = Release|Any CPU
		{D82D61E2-9D86-45C0-AB13-C701FB64F1DD}.Stats|Any CPU.Build.0 = Release|Any CPU
		{411A9E0E-FDC6-4E25-828A-0C2CD1CD96F8}.Debug|Any CPU.ActiveCfg = Debug|Any CPU
		{411A9E0E-FDC6-4E25-828A-0C2CD1CD96F8}.Debug|Any CPU.Build.0 = Debug|Any CPU
		{411A9E0E-FDC6-4E25-828A-0C2CD1CD96F8}.Release|Any CPU.ActiveCfg = Release|Any CPU
		{411A9E0E-FDC6-4E25-828A-0C2CD1CD96F8}.Release|Any CPU.Build.0 = Release|Any CPU
		{411A9E0E-FDC6-4E25-828A-0C2CD1CD96F8}.Stats|Any CPU.ActiveCfg = Stats|Any CPU
		{411A9E0E-FDC6-4E25-828A-0C2CD1CD96F8}.Stats|Any CPU.Build.0 = Stats|Any CPU
	EndGlobalSection
	GlobalSection(SolutionProperties) = preSolution
		HideSolutionNode = FALSE
	EndGlobalSection
	GlobalSection(MonoDevelopProperties) = preSolution
		name = MonoTorrent.Dht
		version = 0.1
		StartupItem = MonoTorrent.Dht\MonoTorrent.Dht.csproj
	EndGlobalSection
EndGlobal
