{
  "version": 1,
  "dependencies": {
    ".NETStandard,Version=v2.0": {
      "NETStandard.Library": {
        "type": "Direct",
        "requested": "[2.0.3, )",
        "resolved": "2.0.3",
        "contentHash": "st47PosZSHrjECdjeIzZQbzivYBJFv6P2nv4cj2ypdI204DO+vZ7l5raGMiX4eXMJ53RfOIg+/s4DHVZ54Nu2A==",
        "dependencies": {
          "Microsoft.NETCore.Platforms": "1.1.0"
        }
      },
      "Microsoft.NETCore.Platforms": {
        "type": "Transitive",
        "resolved": "1.1.0",
        "contentHash": "kz0PEW2lhqygehI/d6XsPCQzD7ff7gUJaVGPVETX611eadGsA3A877GdSlU0LRVMCTH/+P3o2iDTak+S08V2+A=="
      },
      "ReusableTasks": {
        "type": "Transitive",
        "resolved": "2.0.0",
        "contentHash": "HWb7Yy7dQfWPh0V4X42ounPkrzUvL6gB7bwshX7EqBDCl879iBQIS0TRrXFXKOTO2dNJxaEfXnAbX8Fzv3U7Cw=="
      },
      "monotorrent": {
        "type": "Project",
        "dependencies": {
          "ReusableTasks": "[2.0.0, 3.0.0)"
        }
      }
    }
  }
}