
Microsoft Visual Studio Solution File, Format Version 12.00
# Visual Studio Version 17
VisualStudioVersion = 17.0.31423.177
MinimumVisualStudioVersion = 10.0.40219.1
Project("{9A19103F-16F7-4668-BE54-9A1E7A4F7556}") = "MonoTorrent.Client", "MonoTorrent.Client\MonoTorrent.Client.csproj", "{411A9E0E-FDC6-4E25-828A-0C2CD1CD96F8}"
EndProject
Project("{9A19103F-16F7-4668-BE54-9A1E7A4F7556}") = "Tests.MonoTorrent.Client", "Tests\Tests.MonoTorrent.Client\Tests.MonoTorrent.Client.csproj", "{526928D8-DBC8-4717-BCF0-A4FEDA80A0BD}"
EndProject
Project("{9A19103F-16F7-4668-BE54-9A1E7A4F7556}") = "MonoTorrent.BEncoding", "MonoTorrent.BEncoding\MonoTorrent.BEncoding.csproj", "{5D8AA8FE-05DB-4D6F-A330-941733087821}"
EndProject
Project("{9A19103F-16F7-4668-BE54-9A1E7A4F7556}") = "Tests.MonoTorrent.BEncoding", "Tests\Tests.MonoTorrent.BEncoding\Tests.MonoTorrent.BEncoding.csproj", "{36B77F86-EB2F-442D-8EFE-F74623A10EB1}"
EndProject
Project("{9A19103F-16F7-4668-BE54-9A1E7A4F7556}") = "MonoTorrent", "MonoTorrent\MonoTorrent.csproj", "{FA1E561B-2882-46B4-B2FE-677CABABDEFB}"
EndProject
Project("{9A19103F-16F7-4668-BE54-9A1E7A4F7556}") = "Tests.MonoTorrent", "Tests\Tests.MonoTorrent\Tests.MonoTorrent.csproj", "{08D34B26-FDF5-4AFA-B0A3-2475CCA6EB7E}"
EndProject
Project("{9A19103F-16F7-4668-BE54-9A1E7A4F7556}") = "MonoTorrent.PiecePicking", "MonoTorrent.PiecePicking\MonoTorrent.PiecePicking.csproj", "{E41A2606-AA2A-484A-9F1A-0C749C9B7F52}"
EndProject
Project("{9A19103F-16F7-4668-BE54-9A1E7A4F7556}") = "Tests.MonoTorrent.PiecePicking", "Tests\Tests.MonoTorrent.PiecePicking\Tests.MonoTorrent.PiecePicking.csproj", "{8CE2C458-D0A9-428F-A749-4949AA113EEC}"
EndProject
Project("{2150E333-8FDC-42A3-9474-1A3956D46DE8}") = "Tests", "Tests", "{8790FB34-68AA-4A1A-A339-0E1DAAB3E180}"
	ProjectSection(SolutionItems) = preProject
		Tests\Directory.Build.props = Tests\Directory.Build.props
		Tests\Directory.Build.targets = Tests\Directory.Build.targets
	EndProjectSection
EndProject
Project("{2150E333-8FDC-42A3-9474-1A3956D46DE8}") = "Samples", "Samples", "{2BB64148-15EE-4BD9-A48D-1CC8A14D7AC4}"
	ProjectSection(SolutionItems) = preProject
		Samples\Directory.Build.props = Samples\Directory.Build.props
		Samples\Directory.Build.targets = Samples\Directory.Build.targets
	EndProjectSection
EndProject
Project("{9A19103F-16F7-4668-BE54-9A1E7A4F7556}") = "MonoTorrent.PieceWriter", "MonoTorrent.PieceWriter\MonoTorrent.PieceWriter.csproj", "{8B4CF0BD-7B6E-460D-811E-A728293EC89B}"
EndProject
Project("{9A19103F-16F7-4668-BE54-9A1E7A4F7556}") = "Tests.MonoTorrent.PieceWriter", "Tests\Tests.MonoTorrent.PieceWriter\Tests.MonoTorrent.PieceWriter.csproj", "{BAE86E51-93A0-499D-A4ED-3519DEB5E4DF}"
EndProject
Project("{9A19103F-16F7-4668-BE54-9A1E7A4F7556}") = "MonoTorrent.Messages", "MonoTorrent.Messages\MonoTorrent.Messages.csproj", "{79271733-DC12-4DB1-8A34-3843EEBE9DD8}"
EndProject
Project("{9A19103F-16F7-4668-BE54-9A1E7A4F7556}") = "Tests.MonoTorrent.Messages", "Tests\Tests.MonoTorrent.Messages\Tests.MonoTorrent.Messages.csproj", "{A8C22AB5-9A76-4258-881E-4AF8E72CC2D5}"
EndProject
Project("{9A19103F-16F7-4668-BE54-9A1E7A4F7556}") = "MonoTorrent.Connections", "MonoTorrent.Connections\MonoTorrent.Connections.csproj", "{79FDD60E-8906-410F-BA84-5469B35068D2}"
EndProject
Project("{9A19103F-16F7-4668-BE54-9A1E7A4F7556}") = "MonoTorrent.Factories", "MonoTorrent.Factories\MonoTorrent.Factories.csproj", "{D893DFEB-6BFB-4C60-BDCE-C7372379FB81}"
EndProject
Project("{9A19103F-16F7-4668-BE54-9A1E7A4F7556}") = "MonoTorrent.PortForwarding", "MonoTorrent.PortForwarding\MonoTorrent.PortForwarding.csproj", "{F224B004-8709-4C49-BF76-D14A04CD52CB}"
EndProject
Project("{2150E333-8FDC-42A3-9474-1A3956D46DE8}") = "Solution Items", "Solution Items", "{5B28A9A2-A9AE-4B0E-BD33-38568EA09BCF}"
	ProjectSection(SolutionItems) = preProject
		..\azure-pipelines.yml = ..\azure-pipelines.yml
		Directory.Build.props = Directory.Build.props
		Directory.Build.targets = Directory.Build.targets
	EndProjectSection
EndProject
Project("{9A19103F-16F7-4668-BE54-9A1E7A4F7556}") = "MonoTorrent.Trackers", "MonoTorrent.Trackers\MonoTorrent.Trackers.csproj", "{513A5224-ABFE-4DD9-8042-042A9FF3AE0C}"
EndProject
Project("{9A19103F-16F7-4668-BE54-9A1E7A4F7556}") = "Tests.MonoTorrent.Trackers", "Tests\Tests.MonoTorrent.Trackers\Tests.MonoTorrent.Trackers.csproj", "{F5C549C8-E036-4087-B3E0-E8A8D54DA2CC}"
EndProject
Project("{9A19103F-16F7-4668-BE54-9A1E7A4F7556}") = "MonoTorrent.Dht", "MonoTorrent.Dht\MonoTorrent.Dht.csproj", "{6F2D738A-DCED-4C5E-AF99-734464B0AB7A}"
EndProject
Project("{9A19103F-16F7-4668-BE54-9A1E7A4F7556}") = "Tests.MonoTorrent.Dht", "Tests\Tests.MonoTorrent.Dht\Tests.MonoTorrent.Dht.csproj", "{041CF2E0-DF9E-4643-9664-521945DC5AA3}"
EndProject
Project("{9A19103F-16F7-4668-BE54-9A1E7A4F7556}") = "Benchmark", "Samples\Benchmark\Benchmark.csproj", "{D27D0CD3-D644-4782-B530-CDA5DCEABDEC}"
EndProject
Project("{9A19103F-16F7-4668-BE54-9A1E7A4F7556}") = "TrackerSample", "Samples\TrackerApp\TrackerSample.csproj", "{E276020E-512D-46C0-8085-84AEB8E70507}"
EndProject
Project("{9A19103F-16F7-4668-BE54-9A1E7A4F7556}") = "ClientSample", "Samples\SampleClient\ClientSample.csproj", "{D93A2E04-5F4A-476B-8662-0F142C5C4068}"
EndProject
Project("{9A19103F-16F7-4668-BE54-9A1E7A4F7556}") = "DhtSample", "Samples\DhtSampleClient\DhtSample.csproj", "{8E135233-70F3-4B05-976C-51D121650A30}"
EndProject
Project("{9A19103F-16F7-4668-BE54-9A1E7A4F7556}") = "Tests.MonoTorrent.IntegrationTests", "Tests\Tests.MonoTorrent.IntegrationTests\Tests.MonoTorrent.IntegrationTests.csproj", "{752D9040-9C35-4A7E-932A-88A811F72A92}"
EndProject
Global
	GlobalSection(SolutionConfigurationPlatforms) = preSolution
		Debug|Any CPU = Debug|Any CPU
		Release|Any CPU = Release|Any CPU
	EndGlobalSection
	GlobalSection(ProjectConfigurationPlatforms) = postSolution
		{411A9E0E-FDC6-4E25-828A-0C2CD1CD96F8}.Debug|Any CPU.ActiveCfg = Debug|Any CPU
		{411A9E0E-FDC6-4E25-828A-0C2CD1CD96F8}.Debug|Any CPU.Build.0 = Debug|Any CPU
		{411A9E0E-FDC6-4E25-828A-0C2CD1CD96F8}.Release|Any CPU.ActiveCfg = Release|Any CPU
		{411A9E0E-FDC6-4E25-828A-0C2CD1CD96F8}.Release|Any CPU.Build.0 = Release|Any CPU
		{526928D8-DBC8-4717-BCF0-A4FEDA80A0BD}.Debug|Any CPU.ActiveCfg = Debug|Any CPU
		{526928D8-DBC8-4717-BCF0-A4FEDA80A0BD}.Debug|Any CPU.Build.0 = Debug|Any CPU
		{526928D8-DBC8-4717-BCF0-A4FEDA80A0BD}.Release|Any CPU.ActiveCfg = Release|Any CPU
		{526928D8-DBC8-4717-BCF0-A4FEDA80A0BD}.Release|Any CPU.Build.0 = Release|Any CPU
		{5D8AA8FE-05DB-4D6F-A330-941733087821}.Debug|Any CPU.ActiveCfg = Debug|Any CPU
		{5D8AA8FE-05DB-4D6F-A330-941733087821}.Debug|Any CPU.Build.0 = Debug|Any CPU
		{5D8AA8FE-05DB-4D6F-A330-941733087821}.Release|Any CPU.ActiveCfg = Release|Any CPU
		{5D8AA8FE-05DB-4D6F-A330-941733087821}.Release|Any CPU.Build.0 = Release|Any CPU
		{36B77F86-EB2F-442D-8EFE-F74623A10EB1}.Debug|Any CPU.ActiveCfg = Debug|Any CPU
		{36B77F86-EB2F-442D-8EFE-F74623A10EB1}.Debug|Any CPU.Build.0 = Debug|Any CPU
		{36B77F86-EB2F-442D-8EFE-F74623A10EB1}.Release|Any CPU.ActiveCfg = Release|Any CPU
		{36B77F86-EB2F-442D-8EFE-F74623A10EB1}.Release|Any CPU.Build.0 = Release|Any CPU
		{FA1E561B-2882-46B4-B2FE-677CABABDEFB}.Debug|Any CPU.ActiveCfg = Debug|Any CPU
		{FA1E561B-2882-46B4-B2FE-677CABABDEFB}.Debug|Any CPU.Build.0 = Debug|Any CPU
		{FA1E561B-2882-46B4-B2FE-677CABABDEFB}.Release|Any CPU.ActiveCfg = Release|Any CPU
		{FA1E561B-2882-46B4-B2FE-677CABABDEFB}.Release|Any CPU.Build.0 = Release|Any CPU
		{08D34B26-FDF5-4AFA-B0A3-2475CCA6EB7E}.Debug|Any CPU.ActiveCfg = Debug|Any CPU
		{08D34B26-FDF5-4AFA-B0A3-2475CCA6EB7E}.Debug|Any CPU.Build.0 = Debug|Any CPU
		{08D34B26-FDF5-4AFA-B0A3-2475CCA6EB7E}.Release|Any CPU.ActiveCfg = Release|Any CPU
		{08D34B26-FDF5-4AFA-B0A3-2475CCA6EB7E}.Release|Any CPU.Build.0 = Release|Any CPU
		{E41A2606-AA2A-484A-9F1A-0C749C9B7F52}.Debug|Any CPU.ActiveCfg = Debug|Any CPU
		{E41A2606-AA2A-484A-9F1A-0C749C9B7F52}.Debug|Any CPU.Build.0 = Debug|Any CPU
		{E41A2606-AA2A-484A-9F1A-0C749C9B7F52}.Release|Any CPU.ActiveCfg = Release|Any CPU
		{E41A2606-AA2A-484A-9F1A-0C749C9B7F52}.Release|Any CPU.Build.0 = Release|Any CPU
		{8CE2C458-D0A9-428F-A749-4949AA113EEC}.Debug|Any CPU.ActiveCfg = Debug|Any CPU
		{8CE2C458-D0A9-428F-A749-4949AA113EEC}.Debug|Any CPU.Build.0 = Debug|Any CPU
		{8CE2C458-D0A9-428F-A749-4949AA113EEC}.Release|Any CPU.ActiveCfg = Release|Any CPU
		{8CE2C458-D0A9-428F-A749-4949AA113EEC}.Release|Any CPU.Build.0 = Release|Any CPU
		{8B4CF0BD-7B6E-460D-811E-A728293EC89B}.Debug|Any CPU.ActiveCfg = Debug|Any CPU
		{8B4CF0BD-7B6E-460D-811E-A728293EC89B}.Debug|Any CPU.Build.0 = Debug|Any CPU
		{8B4CF0BD-7B6E-460D-811E-A728293EC89B}.Release|Any CPU.ActiveCfg = Release|Any CPU
		{8B4CF0BD-7B6E-460D-811E-A728293EC89B}.Release|Any CPU.Build.0 = Release|Any CPU
		{BAE86E51-93A0-499D-A4ED-3519DEB5E4DF}.Debug|Any CPU.ActiveCfg = Debug|Any CPU
		{BAE86E51-93A0-499D-A4ED-3519DEB5E4DF}.Debug|Any CPU.Build.0 = Debug|Any CPU
		{BAE86E51-93A0-499D-A4ED-3519DEB5E4DF}.Release|Any CPU.ActiveCfg = Release|Any CPU
		{BAE86E51-93A0-499D-A4ED-3519DEB5E4DF}.Release|Any CPU.Build.0 = Release|Any CPU
		{79271733-DC12-4DB1-8A34-3843EEBE9DD8}.Debug|Any CPU.ActiveCfg = Debug|Any CPU
		{79271733-DC12-4DB1-8A34-3843EEBE9DD8}.Debug|Any CPU.Build.0 = Debug|Any CPU
		{79271733-DC12-4DB1-8A34-3843EEBE9DD8}.Release|Any CPU.ActiveCfg = Release|Any CPU
		{79271733-DC12-4DB1-8A34-3843EEBE9DD8}.Release|Any CPU.Build.0 = Release|Any CPU
		{A8C22AB5-9A76-4258-881E-4AF8E72CC2D5}.Debug|Any CPU.ActiveCfg = Debug|Any CPU
		{A8C22AB5-9A76-4258-881E-4AF8E72CC2D5}.Debug|Any CPU.Build.0 = Debug|Any CPU
		{A8C22AB5-9A76-4258-881E-4AF8E72CC2D5}.Release|Any CPU.ActiveCfg = Release|Any CPU
		{A8C22AB5-9A76-4258-881E-4AF8E72CC2D5}.Release|Any CPU.Build.0 = Release|Any CPU
		{79FDD60E-8906-410F-BA84-5469B35068D2}.Debug|Any CPU.ActiveCfg = Debug|Any CPU
		{79FDD60E-8906-410F-BA84-5469B35068D2}.Debug|Any CPU.Build.0 = Debug|Any CPU
		{79FDD60E-8906-410F-BA84-5469B35068D2}.Release|Any CPU.ActiveCfg = Release|Any CPU
		{79FDD60E-8906-410F-BA84-5469B35068D2}.Release|Any CPU.Build.0 = Release|Any CPU
		{D893DFEB-6BFB-4C60-BDCE-C7372379FB81}.Debug|Any CPU.ActiveCfg = Debug|Any CPU
		{D893DFEB-6BFB-4C60-BDCE-C7372379FB81}.Debug|Any CPU.Build.0 = Debug|Any CPU
		{D893DFEB-6BFB-4C60-BDCE-C7372379FB81}.Release|Any CPU.ActiveCfg = Release|Any CPU
		{D893DFEB-6BFB-4C60-BDCE-C7372379FB81}.Release|Any CPU.Build.0 = Release|Any CPU
		{F224B004-8709-4C49-BF76-D14A04CD52CB}.Debug|Any CPU.ActiveCfg = Debug|Any CPU
		{F224B004-8709-4C49-BF76-D14A04CD52CB}.Debug|Any CPU.Build.0 = Debug|Any CPU
		{F224B004-8709-4C49-BF76-D14A04CD52CB}.Release|Any CPU.ActiveCfg = Release|Any CPU
		{F224B004-8709-4C49-BF76-D14A04CD52CB}.Release|Any CPU.Build.0 = Release|Any CPU
		{513A5224-ABFE-4DD9-8042-042A9FF3AE0C}.Debug|Any CPU.ActiveCfg = Debug|Any CPU
		{513A5224-ABFE-4DD9-8042-042A9FF3AE0C}.Debug|Any CPU.Build.0 = Debug|Any CPU
		{513A5224-ABFE-4DD9-8042-042A9FF3AE0C}.Release|Any CPU.ActiveCfg = Release|Any CPU
		{513A5224-ABFE-4DD9-8042-042A9FF3AE0C}.Release|Any CPU.Build.0 = Release|Any CPU
		{F5C549C8-E036-4087-B3E0-E8A8D54DA2CC}.Debug|Any CPU.ActiveCfg = Debug|Any CPU
		{F5C549C8-E036-4087-B3E0-E8A8D54DA2CC}.Debug|Any CPU.Build.0 = Debug|Any CPU
		{F5C549C8-E036-4087-B3E0-E8A8D54DA2CC}.Release|Any CPU.ActiveCfg = Release|Any CPU
		{F5C549C8-E036-4087-B3E0-E8A8D54DA2CC}.Release|Any CPU.Build.0 = Release|Any CPU
		{6F2D738A-DCED-4C5E-AF99-734464B0AB7A}.Debug|Any CPU.ActiveCfg = Debug|Any CPU
		{6F2D738A-DCED-4C5E-AF99-734464B0AB7A}.Debug|Any CPU.Build.0 = Debug|Any CPU
		{6F2D738A-DCED-4C5E-AF99-734464B0AB7A}.Release|Any CPU.ActiveCfg = Release|Any CPU
		{6F2D738A-DCED-4C5E-AF99-734464B0AB7A}.Release|Any CPU.Build.0 = Release|Any CPU
		{041CF2E0-DF9E-4643-9664-521945DC5AA3}.Debug|Any CPU.ActiveCfg = Debug|Any CPU
		{041CF2E0-DF9E-4643-9664-521945DC5AA3}.Debug|Any CPU.Build.0 = Debug|Any CPU
		{041CF2E0-DF9E-4643-9664-521945DC5AA3}.Release|Any CPU.ActiveCfg = Release|Any CPU
		{041CF2E0-DF9E-4643-9664-521945DC5AA3}.Release|Any CPU.Build.0 = Release|Any CPU
		{D27D0CD3-D644-4782-B530-CDA5DCEABDEC}.Debug|Any CPU.ActiveCfg = Debug|Any CPU
		{D27D0CD3-D644-4782-B530-CDA5DCEABDEC}.Debug|Any CPU.Build.0 = Debug|Any CPU
		{D27D0CD3-D644-4782-B530-CDA5DCEABDEC}.Release|Any CPU.ActiveCfg = Release|Any CPU
		{D27D0CD3-D644-4782-B530-CDA5DCEABDEC}.Release|Any CPU.Build.0 = Release|Any CPU
		{E276020E-512D-46C0-8085-84AEB8E70507}.Debug|Any CPU.ActiveCfg = Debug|Any CPU
		{E276020E-512D-46C0-8085-84AEB8E70507}.Debug|Any CPU.Build.0 = Debug|Any CPU
		{E276020E-512D-46C0-8085-84AEB8E70507}.Release|Any CPU.ActiveCfg = Release|Any CPU
		{E276020E-512D-46C0-8085-84AEB8E70507}.Release|Any CPU.Build.0 = Release|Any CPU
		{D93A2E04-5F4A-476B-8662-0F142C5C4068}.Debug|Any CPU.ActiveCfg = Debug|Any CPU
		{D93A2E04-5F4A-476B-8662-0F142C5C4068}.Debug|Any CPU.Build.0 = Debug|Any CPU
		{D93A2E04-5F4A-476B-8662-0F142C5C4068}.Release|Any CPU.ActiveCfg = Release|Any CPU
		{D93A2E04-5F4A-476B-8662-0F142C5C4068}.Release|Any CPU.Build.0 = Release|Any CPU
		{8E135233-70F3-4B05-976C-51D121650A30}.Debug|Any CPU.ActiveCfg = Debug|Any CPU
		{8E135233-70F3-4B05-976C-51D121650A30}.Debug|Any CPU.Build.0 = Debug|Any CPU
		{8E135233-70F3-4B05-976C-51D121650A30}.Release|Any CPU.ActiveCfg = Release|Any CPU
		{8E135233-70F3-4B05-976C-51D121650A30}.Release|Any CPU.Build.0 = Release|Any CPU
		{752D9040-9C35-4A7E-932A-88A811F72A92}.Debug|Any CPU.ActiveCfg = Debug|Any CPU
		{752D9040-9C35-4A7E-932A-88A811F72A92}.Debug|Any CPU.Build.0 = Debug|Any CPU
		{752D9040-9C35-4A7E-932A-88A811F72A92}.Release|Any CPU.ActiveCfg = Release|Any CPU
		{752D9040-9C35-4A7E-932A-88A811F72A92}.Release|Any CPU.Build.0 = Release|Any CPU
	EndGlobalSection
	GlobalSection(SolutionProperties) = preSolution
		HideSolutionNode = FALSE
	EndGlobalSection
	GlobalSection(NestedProjects) = preSolution
		{526928D8-DBC8-4717-BCF0-A4FEDA80A0BD} = {8790FB34-68AA-4A1A-A339-0E1DAAB3E180}
		{36B77F86-EB2F-442D-8EFE-F74623A10EB1} = {8790FB34-68AA-4A1A-A339-0E1DAAB3E180}
		{08D34B26-FDF5-4AFA-B0A3-2475CCA6EB7E} = {8790FB34-68AA-4A1A-A339-0E1DAAB3E180}
		{8CE2C458-D0A9-428F-A749-4949AA113EEC} = {8790FB34-68AA-4A1A-A339-0E1DAAB3E180}
		{BAE86E51-93A0-499D-A4ED-3519DEB5E4DF} = {8790FB34-68AA-4A1A-A339-0E1DAAB3E180}
		{A8C22AB5-9A76-4258-881E-4AF8E72CC2D5} = {8790FB34-68AA-4A1A-A339-0E1DAAB3E180}
		{F5C549C8-E036-4087-B3E0-E8A8D54DA2CC} = {8790FB34-68AA-4A1A-A339-0E1DAAB3E180}
		{041CF2E0-DF9E-4643-9664-521945DC5AA3} = {8790FB34-68AA-4A1A-A339-0E1DAAB3E180}
		{D27D0CD3-D644-4782-B530-CDA5DCEABDEC} = {2BB64148-15EE-4BD9-A48D-1CC8A14D7AC4}
		{E276020E-512D-46C0-8085-84AEB8E70507} = {2BB64148-15EE-4BD9-A48D-1CC8A14D7AC4}
		{D93A2E04-5F4A-476B-8662-0F142C5C4068} = {2BB64148-15EE-4BD9-A48D-1CC8A14D7AC4}
		{8E135233-70F3-4B05-976C-51D121650A30} = {2BB64148-15EE-4BD9-A48D-1CC8A14D7AC4}
		{752D9040-9C35-4A7E-932A-88A811F72A92} = {8790FB34-68AA-4A1A-A339-0E1DAAB3E180}
	EndGlobalSection
	GlobalSection(ExtensibilityGlobals) = postSolution
		SolutionGuid = {FDCCD363-7E21-4AA3-9373-5DCB46A67AD1}
	EndGlobalSection
	GlobalSection(MonoDevelopProperties) = preSolution
		StartupItem = SampleClient\SampleClient.csproj
		Policies = $0
		$0.TextStylePolicy = $1
		$1.scope = text/x-csharp
		$1.TabsToSpaces = True
		$0.CSharpFormattingPolicy = $2
		$2.scope = text/x-csharp
		$2.IndentSwitchSection = False
		$2.NewLinesForBracesInProperties = False
		$2.NewLinesForBracesInAccessors = False
		$2.NewLinesForBracesInAnonymousMethods = False
		$2.NewLinesForBracesInControlBlocks = False
		$2.NewLinesForBracesInAnonymousTypes = False
		$2.NewLinesForBracesInObjectCollectionArrayInitializers = False
		$2.NewLinesForBracesInLambdaExpressionBody = False
		$2.NewLineForElse = False
		$2.NewLineForCatch = False
		$2.NewLineForFinally = False
		$2.NewLineForMembersInObjectInit = False
		$2.NewLineForMembersInAnonymousTypes = False
		$2.NewLineForClausesInQuery = False
		$2.SpacingAfterMethodDeclarationName = True
		$2.SpaceAfterMethodCallName = True
		$2.SpaceBeforeOpenSquareBracket = True
		$0.StandardHeader = $3
	EndGlobalSection
EndGlobal
